<?xml version="1.0" encoding="utf-8"?>
<Project ToolsVersion="4.0" xmlns="http://schemas.microsoft.com/developer/msbuild/2003">
  <ItemGroup>
    <Filter Include="Components">
      <UniqueIdentifier>{9e8c5b74-43b6-4a1d-be71-cb1f3a4e4114}</UniqueIdentifier>
    </Filter>
  </ItemGroup>
  <ItemGroup>
    <ClCompile Include="Components\CameraController.cpp">
      <Filter>Components</Filter>
    </ClCompile>
    <ClCompile Include="REditor.cpp" />
    <ClCompile Include="Components\GridLine.cpp">
      <Filter>Components</Filter>
    </ClCompile>
  </ItemGroup>
  <ItemGroup>
    <ClInclude Include="Components\CameraController.h">
      <Filter>Components</Filter>
    </ClInclude>
    <ClInclude Include="REditor.h" />
    <ClInclude Include="Components\GridLine.h">
      <Filter>Components</Filter>
    </ClInclude>
  </ItemGroup>
</Project>