<?xml version="1.0" encoding="utf-8"?>
<Project ToolsVersion="4.0" xmlns="http://schemas.microsoft.com/developer/msbuild/2003">
  <ItemGroup>
    <Filter Include="Scene">
      <UniqueIdentifier>{e1c3e040-e351-4189-968d-732e644a0772}</UniqueIdentifier>
    </Filter>
    <Filter Include="Input">
      <UniqueIdentifier>{551b1256-8aaf-4461-b805-6c1363192142}</UniqueIdentifier>
    </Filter>
    <Filter Include="Scene\Graph">
      <UniqueIdentifier>{6b28c606-305f-4b03-ad4c-3af592f5964c}</UniqueIdentifier>
    </Filter>
    <Filter Include="Scene\RenderPipeline">
      <UniqueIdentifier>{cbc5e677-6b1c-4513-a489-ffe155f94270}</UniqueIdentifier>
    </Filter>
    <Filter Include="RenderObject">
      <UniqueIdentifier>{c73d1786-8375-49eb-87e8-edc942ebefea}</UniqueIdentifier>
    </Filter>
    <Filter Include="Asset">
      <UniqueIdentifier>{6db482ec-474a-4bde-9159-42bd88d951cc}</UniqueIdentifier>
    </Filter>
  </ItemGroup>
  <ItemGroup>
    <ClInclude Include="Core.h" />
    <ClInclude Include="REngine.h" />
    <ClInclude Include="Scene\Camera.h">
      <Filter>Scene</Filter>
    </ClInclude>
    <ClInclude Include="Scene\Scene.h">
      <Filter>Scene</Filter>
    </ClInclude>
    <ClInclude Include="PhysicalModule.h" />
    <ClInclude Include="StateMachine.h" />
    <ClInclude Include="Input\InputMediator.h">
      <Filter>Input</Filter>
    </ClInclude>
    <ClInclude Include="Input\KeyboardInput.h">
      <Filter>Input</Filter>
    </ClInclude>
    <ClInclude Include="Input\MouseInput.h">
      <Filter>Input</Filter>
    </ClInclude>
    <ClInclude Include="Scene\Graph\Octree.h">
      <Filter>Scene\Graph</Filter>
    </ClInclude>
    <ClInclude Include="Scene\RenderPipline\RenderPipline.h">
      <Filter>Scene\RenderPipeline</Filter>
    </ClInclude>
    <ClInclude Include="Scene\RenderPipline\Deferred.h">
      <Filter>Scene\RenderPipeline</Filter>
    </ClInclude>
    <ClInclude Include="Scene\Graph\ScenePartition.h">
      <Filter>Scene\Graph</Filter>
    </ClInclude>
    <ClInclude Include="RenderObject\RenderObject.h">
      <Filter>RenderObject</Filter>
    </ClInclude>
    <ClInclude Include="Scene\Graph\NoPartition.h">
      <Filter>Scene\Graph</Filter>
    </ClInclude>
    <ClInclude Include="RenderObject\Light.h">
      <Filter>RenderObject</Filter>
    </ClInclude>
    <ClInclude Include="RenderObject\Mesh.h">
      <Filter>RenderObject</Filter>
    </ClInclude>
    <ClInclude Include="Asset\AssetBase.h">
      <Filter>Asset</Filter>
    </ClInclude>
    <ClInclude Include="Asset\MeshAsset.h">
      <Filter>Asset</Filter>
    </ClInclude>
    <ClInclude Include="Asset\SceneAsset.h">
      <Filter>Asset</Filter>
    </ClInclude>
    <ClInclude Include="Asset\TextureAsset.h">
      <Filter>Asset</Filter>
    </ClInclude>
    <ClInclude Include="RenderObject\TextureAtlas.h">
      <Filter>RenderObject</Filter>
    </ClInclude>
    <ClInclude Include="Asset\MaterialAsset.h">
      <Filter>Asset</Filter>
    </ClInclude>
  </ItemGroup>
  <ItemGroup>
    <ClCompile Include="REngine.cpp" />
    <ClCompile Include="Scene\Camera.cpp">
      <Filter>Scene</Filter>
    </ClCompile>
    <ClCompile Include="Scene\Scene.cpp">
      <Filter>Scene</Filter>
    </ClCompile>
    <ClCompile Include="PhysicalModule.cpp" />
    <ClCompile Include="StateMachine.cpp" />
    <ClCompile Include="Input\InputMediator.cpp">
      <Filter>Input</Filter>
    </ClCompile>
    <ClCompile Include="Input\KeyboardInput.cpp">
      <Filter>Input</Filter>
    </ClCompile>
    <ClCompile Include="Input\MouseInput.cpp">
      <Filter>Input</Filter>
    </ClCompile>
    <ClCompile Include="Scene\Graph\Octree.cpp">
      <Filter>Scene\Graph</Filter>
    </ClCompile>
    <ClCompile Include="Scene\RenderPipline\RenderPipline.cpp">
      <Filter>Scene\RenderPipeline</Filter>
    </ClCompile>
    <ClCompile Include="Scene\RenderPipline\Deferred.cpp">
      <Filter>Scene\RenderPipeline</Filter>
    </ClCompile>
    <ClCompile Include="Scene\Graph\ScenePartition.cpp">
      <Filter>Scene\Graph</Filter>
    </ClCompile>
    <ClCompile Include="RenderObject\RenderObject.cpp">
      <Filter>RenderObject</Filter>
    </ClCompile>
    <ClCompile Include="Scene\Graph\NoPartition.cpp">
      <Filter>Scene\Graph</Filter>
    </ClCompile>
    <ClCompile Include="RenderObject\Light.cpp">
      <Filter>RenderObject</Filter>
    </ClCompile>
    <ClCompile Include="RenderObject\Mesh.cpp">
      <Filter>RenderObject</Filter>
    </ClCompile>
    <ClCompile Include="Asset\AssetBase.cpp">
      <Filter>Asset</Filter>
    </ClCompile>
    <ClCompile Include="Asset\MeshAsset.cpp">
      <Filter>Asset</Filter>
    </ClCompile>
    <ClCompile Include="Asset\SceneAsset.cpp">
      <Filter>Asset</Filter>
    </ClCompile>
    <ClCompile Include="Asset\TextureAsset.cpp">
      <Filter>Asset</Filter>
    </ClCompile>
    <ClCompile Include="RenderObject\TextureAtlas.cpp">
      <Filter>RenderObject</Filter>
    </ClCompile>
    <ClCompile Include="Asset\MaterialAsset.cpp">
      <Filter>Asset</Filter>
    </ClCompile>
  </ItemGroup>
</Project>