<?xml version="1.0" encoding="utf-8"?>
<Project ToolsVersion="4.0" xmlns="http://schemas.microsoft.com/developer/msbuild/2003">
  <ItemGroup>
    <Filter Include="Model">
      <UniqueIdentifier>{c73d1786-8375-49eb-87e8-edc942ebefea}</UniqueIdentifier>
    </Filter>
    <Filter Include="Scene">
      <UniqueIdentifier>{e1c3e040-e351-4189-968d-732e644a0772}</UniqueIdentifier>
    </Filter>
    <Filter Include="Texture">
      <UniqueIdentifier>{bccc469d-4a75-48e6-b97c-69b189115de7}</UniqueIdentifier>
    </Filter>
    <Filter Include="Input">
      <UniqueIdentifier>{551b1256-8aaf-4461-b805-6c1363192142}</UniqueIdentifier>
    </Filter>
  </ItemGroup>
  <ItemGroup>
    <ClInclude Include="Core.h" />
    <ClInclude Include="REngine.h" />
    <ClInclude Include="Model\Material.h">
      <Filter>Model</Filter>
    </ClInclude>
    <ClInclude Include="Model\Model.h">
      <Filter>Model</Filter>
    </ClInclude>
    <ClInclude Include="Scene\Camera.h">
      <Filter>Scene</Filter>
    </ClInclude>
    <ClInclude Include="Scene\Scene.h">
      <Filter>Scene</Filter>
    </ClInclude>
    <ClInclude Include="Texture\FrameTexture.h">
      <Filter>Texture</Filter>
    </ClInclude>
    <ClInclude Include="Texture\Texture.h">
      <Filter>Texture</Filter>
    </ClInclude>
    <ClInclude Include="Texture\TextureAtlas.h">
      <Filter>Texture</Filter>
    </ClInclude>
    <ClInclude Include="PhysicalModule.h" />
    <ClInclude Include="StateMachine.h" />
    <ClInclude Include="Canvas.h" />
    <ClInclude Include="Input\InputMediator.h">
      <Filter>Input</Filter>
    </ClInclude>
    <ClInclude Include="Input\KeyboardInput.h">
      <Filter>Input</Filter>
    </ClInclude>
  </ItemGroup>
  <ItemGroup>
    <ClCompile Include="REngine.cpp" />
    <ClCompile Include="Model\Material.cpp">
      <Filter>Model</Filter>
    </ClCompile>
    <ClCompile Include="Model\Model.cpp">
      <Filter>Model</Filter>
    </ClCompile>
    <ClCompile Include="Scene\Camera.cpp">
      <Filter>Scene</Filter>
    </ClCompile>
    <ClCompile Include="Scene\Scene.cpp">
      <Filter>Scene</Filter>
    </ClCompile>
    <ClCompile Include="Texture\FrameTexture.cpp">
      <Filter>Texture</Filter>
    </ClCompile>
    <ClCompile Include="Texture\Texture.cpp">
      <Filter>Texture</Filter>
    </ClCompile>
    <ClCompile Include="Texture\TextureAtlas.cpp">
      <Filter>Texture</Filter>
    </ClCompile>
    <ClCompile Include="PhysicalModule.cpp" />
    <ClCompile Include="StateMachine.cpp" />
    <ClCompile Include="Canvas.cpp" />
    <ClCompile Include="Input\InputMediator.cpp">
      <Filter>Input</Filter>
    </ClCompile>
    <ClCompile Include="Input\KeyboardInput.cpp">
      <Filter>Input</Filter>
    </ClCompile>
  </ItemGroup>
</Project>