<?xml version="1.0" encoding="utf-8"?>
<Project ToolsVersion="4.0" xmlns="http://schemas.microsoft.com/developer/msbuild/2003">
  <ItemGroup>
    <Filter Include="Shaders">
      <UniqueIdentifier>{6f3be941-8e37-4c9d-af61-bd61531a7fae}</UniqueIdentifier>
    </Filter>
    <Filter Include="Vulkan">
      <UniqueIdentifier>{2481fd5b-6b2b-41a2-a568-4d073d4f591b}</UniqueIdentifier>
    </Filter>
    <Filter Include="D3D">
      <UniqueIdentifier>{df3309db-5e44-4200-a3b2-4196271dfc29}</UniqueIdentifier>
    </Filter>
  </ItemGroup>
  <ItemGroup>
    <ClCompile Include="DeviceWrapper.cpp" />
    <ClCompile Include="ShaderBase.cpp" />
    <ClCompile Include="D3D\HLSLShader.cpp">
      <Filter>D3D</Filter>
    </ClCompile>
    <ClCompile Include="D3D\D3DDevice.cpp">
      <Filter>D3D</Filter>
    </ClCompile>
    <ClCompile Include="DrawBuffer.cpp" />
    <ClCompile Include="D3D\D3D11Device.cpp">
      <Filter>D3D</Filter>
    </ClCompile>
    <ClCompile Include="D3D\D3D12Device.cpp">
      <Filter>D3D</Filter>
    </ClCompile>
  </ItemGroup>
  <ItemGroup>
    <ClInclude Include="DeviceWrapper.h" />
    <ClInclude Include="RGDeviceWrapper.h" />
    <ClInclude Include="ShaderBase.h" />
    <ClInclude Include="D3D\HLSLShader.h">
      <Filter>D3D</Filter>
    </ClInclude>
    <ClInclude Include="D3D\D3DDevice.h">
      <Filter>D3D</Filter>
    </ClInclude>
    <ClInclude Include="DrawBuffer.h" />
    <ClInclude Include="D3D\D3D11Device.h">
      <Filter>D3D</Filter>
    </ClInclude>
    <ClInclude Include="D3D\D3D12Device.h">
      <Filter>D3D</Filter>
    </ClInclude>
  </ItemGroup>
  <ItemGroup>
    <None Include="Shaders\GenerateMipmap2D.compute">
      <Filter>Shaders</Filter>
    </None>
    <None Include="Shaders\Copy.pixel">
      <Filter>Shaders</Filter>
    </None>
    <None Include="Shaders\Quad.vertex">
      <Filter>Shaders</Filter>
    </None>
    <None Include="Shaders\VertexTransfer.vertex">
      <Filter>Shaders</Filter>
    </None>
    <None Include="Shaders\TiledDeferredLighting.pixel">
      <Filter>Shaders</Filter>
    </None>
    <None Include="Shaders\GenerateMinmaxDepth.compute">
      <Filter>Shaders</Filter>
    </None>
    <None Include="Shaders\GenerateMinmaxDepth.xml">
      <Filter>Shaders</Filter>
    </None>
    <None Include="Shaders\GenerateMipmap2D.xml">
      <Filter>Shaders</Filter>
    </None>
    <None Include="Shaders\GenerateMipmap3D.compute">
      <Filter>Shaders</Filter>
    </None>
    <None Include="Shaders\GenerateMipmap3D.xml">
      <Filter>Shaders</Filter>
    </None>
    <None Include="Shaders\TiledDeferredLighting.xml">
      <Filter>Shaders</Filter>
    </None>
    <None Include="Shaders\TiledLightIntersection.compute">
      <Filter>Shaders</Filter>
    </None>
    <None Include="Shaders\TiledLightIntersection.xml">
      <Filter>Shaders</Filter>
    </None>
    <None Include="Shaders\TextureOnly.xml">
      <Filter>Shaders</Filter>
    </None>
    <None Include="Shaders\BlockDefine.xml">
      <Filter>Shaders</Filter>
    </None>
    <None Include="Shaders\Copy.xml">
      <Filter>Shaders</Filter>
    </None>
    <None Include="Shaders\StdInclude.h">
      <Filter>Shaders</Filter>
    </None>
    <None Include="Shaders\TextureOnly.pixel">
      <Filter>Shaders</Filter>
    </None>
    <None Include="Shaders\CopyDepth.pixel">
      <Filter>Shaders</Filter>
    </None>
    <None Include="Shaders\CopyDepth.xml" />
  </ItemGroup>
  <ItemGroup>
    <Xml Include="Shaders\CopyFrame.xml">
      <Filter>Shaders</Filter>
    </Xml>
  </ItemGroup>
</Project>